
Microsoft Visual Studio Solution File, Format Version 12.00
# Visual Studio Version 17
VisualStudioVersion = 17.14.36717.8 d17.14
MinimumVisualStudioVersion = 10.0.40219.1
Project("{FAE04EC0-301F-11D3-BF4B-00C04F79EFBC}") = "Iveco_Green_Ledger", "Iveco_Green_Ledger.csproj", "{A32AD83E-8981-4B8B-BFB1-E6CD4C0291DA}"
EndProject
Global
	GlobalSection(SolutionConfigurationPlatforms) = preSolution
		Debug|Any CPU = Debug|Any CPU
		Release|Any CPU = Release|Any CPU
	EndGlobalSection
	GlobalSection(ProjectConfigurationPlatforms) = postSolution
		{A32AD83E-8981-4B8B-BFB1-E6CD4C0291DA}.Debug|Any CPU.ActiveCfg = Debug|Any CPU
		{A32AD83E-8981-4B8B-BFB1-E6CD4C0291DA}.Debug|Any CPU.Build.0 = Debug|Any CPU
		{A32AD83E-8981-4B8B-BFB1-E6CD4C0291DA}.Release|Any CPU.ActiveCfg = Release|Any CPU
		{A32AD83E-8981-4B8B-BFB1-E6CD4C0291DA}.Release|Any CPU.Build.0 = Release|Any CPU
	EndGlobalSection
	GlobalSection(SolutionProperties) = preSolution
		HideSolutionNode = FALSE
	EndGlobalSection
	GlobalSection(ExtensibilityGlobals) = postSolution
		SolutionGuid = {3ADFC545-0139-4B27-A39D-B88910DE8F04}
	EndGlobalSection
EndGlobal
